# THIS IS AN AUTOGENERATED FILE. DO NOT EDIT THIS FILE DIRECTLY.
# yarn lockfile v1


"bats-assert@git+https://github.com/bats-core/bats-assert.git":
  version "2.0.0"
  resolved "git+https://github.com/bats-core/bats-assert.git#397c735212bf1a06cfdd0cb7806c5a6ea79582bf"

"bats-file@git+https://github.com/bats-core/bats-file.git":
  version "0.2.0"
  resolved "git+https://github.com/bats-core/bats-file.git#166ed1ab8aa13cda57679f7fe1e1f4f7bc0c05c9"

"bats-support@git+https://github.com/bats-core/bats-support.git":
  version "0.3.0"
  resolved "git+https://github.com/bats-core/bats-support.git#3c8fadc5097c9acfc96d836dced2bb598e48b009"

bats@^1.6.0:
  version "1.6.0"
  resolved "https://registry.npmmirror.com/bats/-/bats-1.6.0.tgz#7210bfcc3e4095b0189a02f189a213d06ac4d08c"
  integrity sha512-DodA14LKCr49ZIVCgv5zWVo/ipySGHOgmJ3YzhDUBNg5k3GKwxhwxoDkErVTPHBgtmqmGswDxayfd161aINmcg==
